
Microsoft Visual Studio Solution File, Format Version 12.00
# Visual Studio Version 17
VisualStudioVersion = 17.13.35919.96
MinimumVisualStudioVersion = 10.0.40219.1
Project("{FAE04EC0-301F-11D3-BF4B-00C04F79EFBC}") = "DataAccess", "DataAccess\DataAccess.csproj", "{0022E85B-BC6C-44F5-801F-3A9F7FC5BDF6}"
EndProject
Project("{FAE04EC0-301F-11D3-BF4B-00C04F79EFBC}") = "Business", "Business\Business.csproj", "{5CB5CCEB-9BEA-4A58-8671-DB079004B796}"
EndProject
Project("{FAE04EC0-301F-11D3-BF4B-00C04F79EFBC}") = "Core", "Core\Core.csproj", "{FBFA3AAF-9366-4865-8CB1-33E8E06BD118}"
EndProject
Project("{FAE04EC0-301F-11D3-BF4B-00C04F79EFBC}") = "Entities", "Entities\Entities.csproj", "{BD75CD14-56A9-4493-B472-A885822DE2F1}"
EndProject
Project("{FAE04EC0-301F-11D3-BF4B-00C04F79EFBC}") = "Api", "Api\Api.csproj", "{3E1B0552-3FA1-47F2-8D34-626628201F62}"
EndProject
Project("{FAE04EC0-301F-11D3-BF4B-00C04F79EFBC}") = "TestApi", "TestApi\TestApi.csproj", "{2B36470C-4161-45BE-BF52-8BE80D9B5A80}"
EndProject
Global
	GlobalSection(SolutionConfigurationPlatforms) = preSolution
		Debug|Any CPU = Debug|Any CPU
		Release|Any CPU = Release|Any CPU
	EndGlobalSection
	GlobalSection(ProjectConfigurationPlatforms) = postSolution
		{0022E85B-BC6C-44F5-801F-3A9F7FC5BDF6}.Debug|Any CPU.ActiveCfg = Debug|Any CPU
		{0022E85B-BC6C-44F5-801F-3A9F7FC5BDF6}.Debug|Any CPU.Build.0 = Debug|Any CPU
		{0022E85B-BC6C-44F5-801F-3A9F7FC5BDF6}.Release|Any CPU.ActiveCfg = Release|Any CPU
		{0022E85B-BC6C-44F5-801F-3A9F7FC5BDF6}.Release|Any CPU.Build.0 = Release|Any CPU
		{5CB5CCEB-9BEA-4A58-8671-DB079004B796}.Debug|Any CPU.ActiveCfg = Debug|Any CPU
		{5CB5CCEB-9BEA-4A58-8671-DB079004B796}.Debug|Any CPU.Build.0 = Debug|Any CPU
		{5CB5CCEB-9BEA-4A58-8671-DB079004B796}.Release|Any CPU.ActiveCfg = Release|Any CPU
		{5CB5CCEB-9BEA-4A58-8671-DB079004B796}.Release|Any CPU.Build.0 = Release|Any CPU
		{FBFA3AAF-9366-4865-8CB1-33E8E06BD118}.Debug|Any CPU.ActiveCfg = Debug|Any CPU
		{FBFA3AAF-9366-4865-8CB1-33E8E06BD118}.Debug|Any CPU.Build.0 = Debug|Any CPU
		{FBFA3AAF-9366-4865-8CB1-33E8E06BD118}.Release|Any CPU.ActiveCfg = Release|Any CPU
		{FBFA3AAF-9366-4865-8CB1-33E8E06BD118}.Release|Any CPU.Build.0 = Release|Any CPU
		{BD75CD14-56A9-4493-B472-A885822DE2F1}.Debug|Any CPU.ActiveCfg = Debug|Any CPU
		{BD75CD14-56A9-4493-B472-A885822DE2F1}.Debug|Any CPU.Build.0 = Debug|Any CPU
		{BD75CD14-56A9-4493-B472-A885822DE2F1}.Release|Any CPU.ActiveCfg = Release|Any CPU
		{BD75CD14-56A9-4493-B472-A885822DE2F1}.Release|Any CPU.Build.0 = Release|Any CPU
		{3E1B0552-3FA1-47F2-8D34-626628201F62}.Debug|Any CPU.ActiveCfg = Debug|Any CPU
		{3E1B0552-3FA1-47F2-8D34-626628201F62}.Debug|Any CPU.Build.0 = Debug|Any CPU
		{3E1B0552-3FA1-47F2-8D34-626628201F62}.Release|Any CPU.ActiveCfg = Release|Any CPU
		{3E1B0552-3FA1-47F2-8D34-626628201F62}.Release|Any CPU.Build.0 = Release|Any CPU
		{2B36470C-4161-45BE-BF52-8BE80D9B5A80}.Debug|Any CPU.ActiveCfg = Debug|Any CPU
		{2B36470C-4161-45BE-BF52-8BE80D9B5A80}.Debug|Any CPU.Build.0 = Debug|Any CPU
		{2B36470C-4161-45BE-BF52-8BE80D9B5A80}.Release|Any CPU.ActiveCfg = Release|Any CPU
		{2B36470C-4161-45BE-BF52-8BE80D9B5A80}.Release|Any CPU.Build.0 = Release|Any CPU
	EndGlobalSection
	GlobalSection(SolutionProperties) = preSolution
		HideSolutionNode = FALSE
	EndGlobalSection
	GlobalSection(ExtensibilityGlobals) = postSolution
		SolutionGuid = {F9E393B4-E8ED-42E2-B7CA-884F3D816C9C}
	EndGlobalSection
EndGlobal
